// !$*UTF8*$!
{
	archiveVersion = 1;
	classes = {
	};
	objectVersion = 56;
	objects = {

/* Begin PBXBuildFile section */
		794C0EDF2C0CAE5A00404050 /* Image_Class_SUIApp.swift in Sources */ = {isa = PBXBuildFile; fileRef = 794C0EDE2C0CAE5A00404050 /* Image_Class_SUIApp.swift */; };
		794C0EE12C0CAE5A00404050 /* ContentView.swift in Sources */ = {isa = PBXBuildFile; fileRef = 794C0EE02C0CAE5A00404050 /* ContentView.swift */; };
		794C0EE32C0CAE5B00404050 /* Assets.xcassets in Resources */ = {isa = PBXBuildFile; fileRef = 794C0EE22C0CAE5B00404050 /* Assets.xcassets */; };
		794C0EE62C0CAE5B00404050 /* Preview Assets.xcassets in Resources */ = {isa = PBXBuildFile; fileRef = 794C0EE52C0CAE5B00404050 /* Preview Assets.xcassets */; };
		794C0EF02C0CAE5B00404050 /* Image_Class_SUITests.swift in Sources */ = {isa = PBXBuildFile; fileRef = 794C0EEF2C0CAE5B00404050 /* Image_Class_SUITests.swift */; };
		794C0EFA2C0CAE5B00404050 /* Image_Class_SUIUITests.swift in Sources */ = {isa = PBXBuildFile; fileRef = 794C0EF92C0CAE5B00404050 /* Image_Class_SUIUITests.swift */; };
		794C0EFC2C0CAE5B00404050 /* Image_Class_SUIUITestsLaunchTests.swift in Sources */ = {isa = PBXBuildFile; fileRef = 794C0EFB2C0CAE5B00404050 /* Image_Class_SUIUITestsLaunchTests.swift */; };
		794C0F092C0CAEE600404050 /* CameraPreview.swift in Sources */ = {isa = PBXBuildFile; fileRef = 794C0F082C0CAEE600404050 /* CameraPreview.swift */; };
		794C0F0B2C0CAF1600404050 /* ContentViewModel.swift in Sources */ = {isa = PBXBuildFile; fileRef = 794C0F0A2C0CAF1600404050 /* ContentViewModel.swift */; };
		794C0F0D2C0CAF4000404050 /* MobileNet.mlmodel in Sources */ = {isa = PBXBuildFile; fileRef = 794C0F0C2C0CAF4000404050 /* MobileNet.mlmodel */; };
		79E4C55C2C11280B00C8F340 /* Dog BreedClassifier.mlmodel in Sources */ = {isa = PBXBuildFile; fileRef = 79E4C55B2C11280B00C8F340 /* Dog BreedClassifier.mlmodel */; };
/* End PBXBuildFile section */

/* Begin PBXContainerItemProxy section */
		794C0EEC2C0CAE5B00404050 /* PBXContainerItemProxy */ = {
			isa = PBXContainerItemProxy;
			containerPortal = 794C0ED32C0CAE5A00404050 /* Project object */;
			proxyType = 1;
			remoteGlobalIDString = 794C0EDA2C0CAE5A00404050;
			remoteInfo = Image_Class_SUI;
		};
		794C0EF62C0CAE5B00404050 /* PBXContainerItemProxy */ = {
			isa = PBXContainerItemProxy;
			containerPortal = 794C0ED32C0CAE5A00404050 /* Project object */;
			proxyType = 1;
			remoteGlobalIDString = 794C0EDA2C0CAE5A00404050;
			remoteInfo = Image_Class_SUI;
		};
/* End PBXContainerItemProxy section */

/* Begin PBXFileReference section */
		794C0EDB2C0CAE5A00404050 /* Image_Class_SUI.app */ = {isa = PBXFileReference; explicitFileType = wrapper.application; includeInIndex = 0; path = Image_Class_SUI.app; sourceTree = BUILT_PRODUCTS_DIR; };
		794C0EDE2C0CAE5A00404050 /* Image_Class_SUIApp.swift */ = {isa = PBXFileReference; lastKnownFileType = sourcecode.swift; path = Image_Class_SUIApp.swift; sourceTree = "<group>"; };
		794C0EE02C0CAE5A00404050 /* ContentView.swift */ = {isa = PBXFileReference; lastKnownFileType = sourcecode.swift; path = ContentView.swift; sourceTree = "<group>"; };
		794C0EE22C0CAE5B00404050 /* Assets.xcassets */ = {isa = PBXFileReference; lastKnownFileType = folder.assetcatalog; path = Assets.xcassets; sourceTree = "<group>"; };
		794C0EE52C0CAE5B00404050 /* Preview Assets.xcassets */ = {isa = PBXFileReference; lastKnownFileType = folder.assetcatalog; path = "Preview Assets.xcassets"; sourceTree = "<group>"; };
		794C0EEB2C0CAE5B00404050 /* Image_Class_SUITests.xctest */ = {isa = PBXFileReference; explicitFileType = wrapper.cfbundle; includeInIndex = 0; path = Image_Class_SUITests.xctest; sourceTree = BUILT_PRODUCTS_DIR; };
		794C0EEF2C0CAE5B00404050 /* Image_Class_SUITests.swift */ = {isa = PBXFileReference; lastKnownFileType = sourcecode.swift; path = Image_Class_SUITests.swift; sourceTree = "<group>"; };
		794C0EF52C0CAE5B00404050 /* Image_Class_SUIUITests.xctest */ = {isa = PBXFileReference; explicitFileType = wrapper.cfbundle; includeInIndex = 0; path = Image_Class_SUIUITests.xctest; sourceTree = BUILT_PRODUCTS_DIR; };
		794C0EF92C0CAE5B00404050 /* Image_Class_SUIUITests.swift */ = {isa = PBXFileReference; lastKnownFileType = sourcecode.swift; path = Image_Class_SUIUITests.swift; sourceTree = "<group>"; };
		794C0EFB2C0CAE5B00404050 /* Image_Class_SUIUITestsLaunchTests.swift */ = {isa = PBXFileReference; lastKnownFileType = sourcecode.swift; path = Image_Class_SUIUITestsLaunchTests.swift; sourceTree = "<group>"; };
		794C0F082C0CAEE600404050 /* CameraPreview.swift */ = {isa = PBXFileReference; lastKnownFileType = sourcecode.swift; path = CameraPreview.swift; sourceTree = "<group>"; };
		794C0F0A2C0CAF1600404050 /* ContentViewModel.swift */ = {isa = PBXFileReference; lastKnownFileType = sourcecode.swift; path = ContentViewModel.swift; sourceTree = "<group>"; };
		794C0F0C2C0CAF4000404050 /* MobileNet.mlmodel */ = {isa = PBXFileReference; lastKnownFileType = file.mlmodel; path = MobileNet.mlmodel; sourceTree = "<group>"; };
		79E4C55B2C11280B00C8F340 /* Dog BreedClassifier.mlmodel */ = {isa = PBXFileReference; lastKnownFileType = file.mlmodel; path = "Dog BreedClassifier.mlmodel"; sourceTree = "<group>"; };
/* End PBXFileReference section */

/* Begin PBXFrameworksBuildPhase section */
		794C0ED82C0CAE5A00404050 /* Frameworks */ = {
			isa = PBXFrameworksBuildPhase;
			buildActionMask = 2147483647;
			files = (
			);
			runOnlyForDeploymentPostprocessing = 0;
		};
		794C0EE82C0CAE5B00404050 /* Frameworks */ = {
			isa = PBXFrameworksBuildPhase;
			buildActionMask = 2147483647;
			files = (
			);
			runOnlyForDeploymentPostprocessing = 0;
		};
		794C0EF22C0CAE5B00404050 /* Frameworks */ = {
			isa = PBXFrameworksBuildPhase;
			buildActionMask = 2147483647;
			files = (
			);
			runOnlyForDeploymentPostprocessing = 0;
		};
/* End PBXFrameworksBuildPhase section */

/* Begin PBXGroup section */
		794C0ED22C0CAE5A00404050 = {
			isa = PBXGroup;
			children = (
				794C0EDD2C0CAE5A00404050 /* Image_Class_SUI */,
				794C0EEE2C0CAE5B00404050 /* Image_Class_SUITests */,
				794C0EF82C0CAE5B00404050 /* Image_Class_SUIUITests */,
				794C0EDC2C0CAE5A00404050 /* Products */,
			);
			sourceTree = "<group>";
		};
		794C0EDC2C0CAE5A00404050 /* Products */ = {
			isa = PBXGroup;
			children = (
				794C0EDB2C0CAE5A00404050 /* Image_Class_SUI.app */,
				794C0EEB2C0CAE5B00404050 /* Image_Class_SUITests.xctest */,
				794C0EF52C0CAE5B00404050 /* Image_Class_SUIUITests.xctest */,
			);
			name = Products;
			sourceTree = "<group>";
		};
		794C0EDD2C0CAE5A00404050 /* Image_Class_SUI */ = {
			isa = PBXGroup;
			children = (
				794C0EDE2C0CAE5A00404050 /* Image_Class_SUIApp.swift */,
				794C0EE02C0CAE5A00404050 /* ContentView.swift */,
				794C0F082C0CAEE600404050 /* CameraPreview.swift */,
				794C0F0A2C0CAF1600404050 /* ContentViewModel.swift */,
				794C0F0C2C0CAF4000404050 /* MobileNet.mlmodel */,
				79E4C55B2C11280B00C8F340 /* Dog BreedClassifier.mlmodel */,
				794C0EE22C0CAE5B00404050 /* Assets.xcassets */,
				794C0EE42C0CAE5B00404050 /* Preview Content */,
			);
			path = Image_Class_SUI;
			sourceTree = "<group>";
		};
		794C0EE42C0CAE5B00404050 /* Preview Content */ = {
			isa = PBXGroup;
			children = (
				794C0EE52C0CAE5B00404050 /* Preview Assets.xcassets */,
			);
			path = "Preview Content";
			sourceTree = "<group>";
		};
		794C0EEE2C0CAE5B00404050 /* Image_Class_SUITests */ = {
			isa = PBXGroup;
			children = (
				794C0EEF2C0CAE5B00404050 /* Image_Class_SUITests.swift */,
			);
			path = Image_Class_SUITests;
			sourceTree = "<group>";
		};
		794C0EF82C0CAE5B00404050 /* Image_Class_SUIUITests */ = {
			isa = PBXGroup;
			children = (
				794C0EF92C0CAE5B00404050 /* Image_Class_SUIUITests.swift */,
				794C0EFB2C0CAE5B00404050 /* Image_Class_SUIUITestsLaunchTests.swift */,
			);
			path = Image_Class_SUIUITests;
			sourceTree = "<group>";
		};
/* End PBXGroup section */

/* Begin PBXNativeTarget section */
		794C0EDA2C0CAE5A00404050 /* Image_Class_SUI */ = {
			isa = PBXNativeTarget;
			buildConfigurationList = 794C0EFF2C0CAE5B00404050 /* Build configuration list for PBXNativeTarget "Image_Class_SUI" */;
			buildPhases = (
				794C0ED72C0CAE5A00404050 /* Sources */,
				794C0ED82C0CAE5A00404050 /* Frameworks */,
				794C0ED92C0CAE5A00404050 /* Resources */,
			);
			buildRules = (
			);
			dependencies = (
			);
			name = Image_Class_SUI;
			productName = Image_Class_SUI;
			productReference = 794C0EDB2C0CAE5A00404050 /* Image_Class_SUI.app */;
			productType = "com.apple.product-type.application";
		};
		794C0EEA2C0CAE5B00404050 /* Image_Class_SUITests */ = {
			isa = PBXNativeTarget;
			buildConfigurationList = 794C0F022C0CAE5B00404050 /* Build configuration list for PBXNativeTarget "Image_Class_SUITests" */;
			buildPhases = (
				794C0EE72C0CAE5B00404050 /* Sources */,
				794C0EE82C0CAE5B00404050 /* Frameworks */,
				794C0EE92C0CAE5B00404050 /* Resources */,
			);
			buildRules = (
			);
			dependencies = (
				794C0EED2C0CAE5B00404050 /* PBXTargetDependency */,
			);
			name = Image_Class_SUITests;
			productName = Image_Class_SUITests;
			productReference = 794C0EEB2C0CAE5B00404050 /* Image_Class_SUITests.xctest */;
			productType = "com.apple.product-type.bundle.unit-test";
		};
		794C0EF42C0CAE5B00404050 /* Image_Class_SUIUITests */ = {
			isa = PBXNativeTarget;
			buildConfigurationList = 794C0F052C0CAE5B00404050 /* Build configuration list for PBXNativeTarget "Image_Class_SUIUITests" */;
			buildPhases = (
				794C0EF12C0CAE5B00404050 /* Sources */,
				794C0EF22C0CAE5B00404050 /* Frameworks */,
				794C0EF32C0CAE5B00404050 /* Resources */,
			);
			buildRules = (
			);
			dependencies = (
				794C0EF72C0CAE5B00404050 /* PBXTargetDependency */,
			);
			name = Image_Class_SUIUITests;
			productName = Image_Class_SUIUITests;
			productReference = 794C0EF52C0CAE5B00404050 /* Image_Class_SUIUITests.xctest */;
			productType = "com.apple.product-type.bundle.ui-testing";
		};
/* End PBXNativeTarget section */

/* Begin PBXProject section */
		794C0ED32C0CAE5A00404050 /* Project object */ = {
			isa = PBXProject;
			attributes = {
				BuildIndependentTargetsInParallel = 1;
				LastSwiftUpdateCheck = 1540;
				LastUpgradeCheck = 1540;
				TargetAttributes = {
					794C0EDA2C0CAE5A00404050 = {
						CreatedOnToolsVersion = 15.4;
					};
					794C0EEA2C0CAE5B00404050 = {
						CreatedOnToolsVersion = 15.4;
						TestTargetID = 794C0EDA2C0CAE5A00404050;
					};
					794C0EF42C0CAE5B00404050 = {
						CreatedOnToolsVersion = 15.4;
						TestTargetID = 794C0EDA2C0CAE5A00404050;
					};
				};
			};
			buildConfigurationList = 794C0ED62C0CAE5A00404050 /* Build configuration list for PBXProject "Image_Class_SUI" */;
			compatibilityVersion = "Xcode 14.0";
			developmentRegion = en;
			hasScannedForEncodings = 0;
			knownRegions = (
				en,
				Base,
			);
			mainGroup = 794C0ED22C0CAE5A00404050;
			productRefGroup = 794C0EDC2C0CAE5A00404050 /* Products */;
			projectDirPath = "";
			projectRoot = "";
			targets = (
				794C0EDA2C0CAE5A00404050 /* Image_Class_SUI */,
				794C0EEA2C0CAE5B00404050 /* Image_Class_SUITests */,
				794C0EF42C0CAE5B00404050 /* Image_Class_SUIUITests */,
			);
		};
/* End PBXProject section */

/* Begin PBXResourcesBuildPhase section */
		794C0ED92C0CAE5A00404050 /* Resources */ = {
			isa = PBXResourcesBuildPhase;
			buildActionMask = 2147483647;
			files = (
				794C0EE62C0CAE5B00404050 /* Preview Assets.xcassets in Resources */,
				794C0EE32C0CAE5B00404050 /* Assets.xcassets in Resources */,
			);
			runOnlyForDeploymentPostprocessing = 0;
		};
		794C0EE92C0CAE5B00404050 /* Resources */ = {
			isa = PBXResourcesBuildPhase;
			buildActionMask = 2147483647;
			files = (
			);
			runOnlyForDeploymentPostprocessing = 0;
		};
		794C0EF32C0CAE5B00404050 /* Resources */ = {
			isa = PBXResourcesBuildPhase;
			buildActionMask = 2147483647;
			files = (
			);
			runOnlyForDeploymentPostprocessing = 0;
		};
/* End PBXResourcesBuildPhase section */

/* Begin PBXSourcesBuildPhase section */
		794C0ED72C0CAE5A00404050 /* Sources */ = {
			isa = PBXSourcesBuildPhase;
			buildActionMask = 2147483647;
			files = (
				794C0F0B2C0CAF1600404050 /* ContentViewModel.swift in Sources */,
				794C0F0D2C0CAF4000404050 /* MobileNet.mlmodel in Sources */,
				794C0F092C0CAEE600404050 /* CameraPreview.swift in Sources */,
				794C0EE12C0CAE5A00404050 /* ContentView.swift in Sources */,
				79E4C55C2C11280B00C8F340 /* Dog BreedClassifier.mlmodel in Sources */,
				794C0EDF2C0CAE5A00404050 /* Image_Class_SUIApp.swift in Sources */,
			);
			runOnlyForDeploymentPostprocessing = 0;
		};
		794C0EE72C0CAE5B00404050 /* Sources */ = {
			isa = PBXSourcesBuildPhase;
			buildActionMask = 2147483647;
			files = (
				794C0EF02C0CAE5B00404050 /* Image_Class_SUITests.swift in Sources */,
			);
			runOnlyForDeploymentPostprocessing = 0;
		};
		794C0EF12C0CAE5B00404050 /* Sources */ = {
			isa = PBXSourcesBuildPhase;
			buildActionMask = 2147483647;
			files = (
				794C0EFA2C0CAE5B00404050 /* Image_Class_SUIUITests.swift in Sources */,
				794C0EFC2C0CAE5B00404050 /* Image_Class_SUIUITestsLaunchTests.swift in Sources */,
			);
			runOnlyForDeploymentPostprocessing = 0;
		};
/* End PBXSourcesBuildPhase section */

/* Begin PBXTargetDependency section */
		794C0EED2C0CAE5B00404050 /* PBXTargetDependency */ = {
			isa = PBXTargetDependency;
			target = 794C0EDA2C0CAE5A00404050 /* Image_Class_SUI */;
			targetProxy = 794C0EEC2C0CAE5B00404050 /* PBXContainerItemProxy */;
		};
		794C0EF72C0CAE5B00404050 /* PBXTargetDependency */ = {
			isa = PBXTargetDependency;
			target = 794C0EDA2C0CAE5A00404050 /* Image_Class_SUI */;
			targetProxy = 794C0EF62C0CAE5B00404050 /* PBXContainerItemProxy */;
		};
/* End PBXTargetDependency section */

/* Begin XCBuildConfiguration section */
		794C0EFD2C0CAE5B00404050 /* Debug */ = {
			isa = XCBuildConfiguration;
			buildSettings = {
				ALWAYS_SEARCH_USER_PATHS = NO;
				ASSETCATALOG_COMPILER_GENERATE_SWIFT_ASSET_SYMBOL_EXTENSIONS = YES;
				CLANG_ANALYZER_NONNULL = YES;
				CLANG_ANALYZER_NUMBER_OBJECT_CONVERSION = YES_AGGRESSIVE;
				CLANG_CXX_LANGUAGE_STANDARD = "gnu++20";
				CLANG_ENABLE_MODULES = YES;
				CLANG_ENABLE_OBJC_ARC = YES;
				CLANG_ENABLE_OBJC_WEAK = YES;
				CLANG_WARN_BLOCK_CAPTURE_AUTORELEASING = YES;
				CLANG_WARN_BOOL_CONVERSION = YES;
				CLANG_WARN_COMMA = YES;
				CLANG_WARN_CONSTANT_CONVERSION = YES;
				CLANG_WARN_DEPRECATED_OBJC_IMPLEMENTATIONS = YES;
				CLANG_WARN_DIRECT_OBJC_ISA_USAGE = YES_ERROR;
				CLANG_WARN_DOCUMENTATION_COMMENTS = YES;
				CLANG_WARN_EMPTY_BODY = YES;
				CLANG_WARN_ENUM_CONVERSION = YES;
				CLANG_WARN_INFINITE_RECURSION = YES;
				CLANG_WARN_INT_CONVERSION = YES;
				CLANG_WARN_NON_LITERAL_NULL_CONVERSION = YES;
				CLANG_WARN_OBJC_IMPLICIT_RETAIN_SELF = YES;
				CLANG_WARN_OBJC_LITERAL_CONVERSION = YES;
				CLANG_WARN_OBJC_ROOT_CLASS = YES_ERROR;
				CLANG_WARN_QUOTED_INCLUDE_IN_FRAMEWORK_HEADER = YES;
				CLANG_WARN_RANGE_LOOP_ANALYSIS = YES;
				CLANG_WARN_STRICT_PROTOTYPES = YES;
				CLANG_WARN_SUSPICIOUS_MOVE = YES;
				CLANG_WARN_UNGUARDED_AVAILABILITY = YES_AGGRESSIVE;
				CLANG_WARN_UNREACHABLE_CODE = YES;
				CLANG_WARN__DUPLICATE_METHOD_MATCH = YES;
				COPY_PHASE_STRIP = NO;
				DEBUG_INFORMATION_FORMAT = dwarf;
				ENABLE_STRICT_OBJC_MSGSEND = YES;
				ENABLE_TESTABILITY = YES;
				ENABLE_USER_SCRIPT_SANDBOXING = YES;
				GCC_C_LANGUAGE_STANDARD = gnu17;
				GCC_DYNAMIC_NO_PIC = NO;
				GCC_NO_COMMON_BLOCKS = YES;
				GCC_OPTIMIZATION_LEVEL = 0;
				GCC_PREPROCESSOR_DEFINITIONS = (
					"DEBUG=1",
					"$(inherited)",
				);
				GCC_WARN_64_TO_32_BIT_CONVERSION = YES;
				GCC_WARN_ABOUT_RETURN_TYPE = YES_ERROR;
				GCC_WARN_UNDECLARED_SELECTOR = YES;
				GCC_WARN_UNINITIALIZED_AUTOS = YES_AGGRESSIVE;
				GCC_WARN_UNUSED_FUNCTION = YES;
				GCC_WARN_UNUSED_VARIABLE = YES;
				IPHONEOS_DEPLOYMENT_TARGET = 17.5;
				LOCALIZATION_PREFERS_STRING_CATALOGS = YES;
				MTL_ENABLE_DEBUG_INFO = INCLUDE_SOURCE;
				MTL_FAST_MATH = YES;
				ONLY_ACTIVE_ARCH = YES;
				SDKROOT = iphoneos;
				SWIFT_ACTIVE_COMPILATION_CONDITIONS = "DEBUG $(inherited)";
				SWIFT_OPTIMIZATION_LEVEL = "-Onone";
			};
			name = Debug;
		};
		794C0EFE2C0CAE5B00404050 /* Release */ = {
			isa = XCBuildConfiguration;
			buildSettings = {
				ALWAYS_SEARCH_USER_PATHS = NO;
				ASSETCATALOG_COMPILER_GENERATE_SWIFT_ASSET_SYMBOL_EXTENSIONS = YES;
				CLANG_ANALYZER_NONNULL = YES;
				CLANG_ANALYZER_NUMBER_OBJECT_CONVERSION = YES_AGGRESSIVE;
				CLANG_CXX_LANGUAGE_STANDARD = "gnu++20";
				CLANG_ENABLE_MODULES = YES;
				CLANG_ENABLE_OBJC_ARC = YES;
				CLANG_ENABLE_OBJC_WEAK = YES;
				CLANG_WARN_BLOCK_CAPTURE_AUTORELEASING = YES;
				CLANG_WARN_BOOL_CONVERSION = YES;
				CLANG_WARN_COMMA = YES;
				CLANG_WARN_CONSTANT_CONVERSION = YES;
				CLANG_WARN_DEPRECATED_OBJC_IMPLEMENTATIONS = YES;
				CLANG_WARN_DIRECT_OBJC_ISA_USAGE = YES_ERROR;
				CLANG_WARN_DOCUMENTATION_COMMENTS = YES;
				CLANG_WARN_EMPTY_BODY = YES;
				CLANG_WARN_ENUM_CONVERSION = YES;
				CLANG_WARN_INFINITE_RECURSION = YES;
				CLANG_WARN_INT_CONVERSION = YES;
				CLANG_WARN_NON_LITERAL_NULL_CONVERSION = YES;
				CLANG_WARN_OBJC_IMPLICIT_RETAIN_SELF = YES;
				CLANG_WARN_OBJC_LITERAL_CONVERSION = YES;
				CLANG_WARN_OBJC_ROOT_CLASS = YES_ERROR;
				CLANG_WARN_QUOTED_INCLUDE_IN_FRAMEWORK_HEADER = YES;
				CLANG_WARN_RANGE_LOOP_ANALYSIS = YES;
				CLANG_WARN_STRICT_PROTOTYPES = YES;
				CLANG_WARN_SUSPICIOUS_MOVE = YES;
				CLANG_WARN_UNGUARDED_AVAILABILITY = YES_AGGRESSIVE;
				CLANG_WARN_UNREACHABLE_CODE = YES;
				CLANG_WARN__DUPLICATE_METHOD_MATCH = YES;
				COPY_PHASE_STRIP = NO;
				DEBUG_INFORMATION_FORMAT = "dwarf-with-dsym";
				ENABLE_NS_ASSERTIONS = NO;
				ENABLE_STRICT_OBJC_MSGSEND = YES;
				ENABLE_USER_SCRIPT_SANDBOXING = YES;
				GCC_C_LANGUAGE_STANDARD = gnu17;
				GCC_NO_COMMON_BLOCKS = YES;
				GCC_WARN_64_TO_32_BIT_CONVERSION = YES;
				GCC_WARN_ABOUT_RETURN_TYPE = YES_ERROR;
				GCC_WARN_UNDECLARED_SELECTOR = YES;
				GCC_WARN_UNINITIALIZED_AUTOS = YES_AGGRESSIVE;
				GCC_WARN_UNUSED_FUNCTION = YES;
				GCC_WARN_UNUSED_VARIABLE = YES;
				IPHONEOS_DEPLOYMENT_TARGET = 17.5;
				LOCALIZATION_PREFERS_STRING_CATALOGS = YES;
				MTL_ENABLE_DEBUG_INFO = NO;
				MTL_FAST_MATH = YES;
				SDKROOT = iphoneos;
				SWIFT_COMPILATION_MODE = wholemodule;
				VALIDATE_PRODUCT = YES;
			};
			name = Release;
		};
		794C0F002C0CAE5B00404050 /* Debug */ = {
			isa = XCBuildConfiguration;
			buildSettings = {
				ASSETCATALOG_COMPILER_APPICON_NAME = AppIcon;
				ASSETCATALOG_COMPILER_GLOBAL_ACCENT_COLOR_NAME = AccentColor;
				CODE_SIGN_STYLE = Automatic;
				CURRENT_PROJECT_VERSION = 1;
				DEVELOPMENT_ASSET_PATHS = "\"Image_Class_SUI/Preview Content\"";
				DEVELOPMENT_TEAM = 6JD548BN3B;
				ENABLE_PREVIEWS = YES;
				GENERATE_INFOPLIST_FILE = YES;
				INFOPLIST_KEY_NSCameraUsageDescription = "\"The app uses the camera to identify objects\"";
				INFOPLIST_KEY_UIApplicationSceneManifest_Generation = YES;
				INFOPLIST_KEY_UIApplicationSupportsIndirectInputEvents = YES;
				INFOPLIST_KEY_UILaunchScreen_Generation = YES;
				INFOPLIST_KEY_UISupportedInterfaceOrientations_iPad = "UIInterfaceOrientationPortrait UIInterfaceOrientationPortraitUpsideDown UIInterfaceOrientationLandscapeLeft UIInterfaceOrientationLandscapeRight";
				INFOPLIST_KEY_UISupportedInterfaceOrientations_iPhone = "UIInterfaceOrientationPortrait UIInterfaceOrientationLandscapeLeft UIInterfaceOrientationLandscapeRight";
				LD_RUNPATH_SEARCH_PATHS = (
					"$(inherited)",
					"@executable_path/Frameworks",
				);
				MARKETING_VERSION = 1.0;
				PRODUCT_BUNDLE_IDENTIFIER = "com.BulldogVenturesInc.Image-Class-SUI";
				PRODUCT_NAME = "$(TARGET_NAME)";
				SWIFT_EMIT_LOC_STRINGS = YES;
				SWIFT_VERSION = 5.0;
				TARGETED_DEVICE_FAMILY = "1,2";
			};
			name = Debug;
		};
		794C0F012C0CAE5B00404050 /* Release */ = {
			isa = XCBuildConfiguration;
			buildSettings = {
				ASSETCATALOG_COMPILER_APPICON_NAME = AppIcon;
				ASSETCATALOG_COMPILER_GLOBAL_ACCENT_COLOR_NAME = AccentColor;
				CODE_SIGN_STYLE = Automatic;
				CURRENT_PROJECT_VERSION = 1;
				DEVELOPMENT_ASSET_PATHS = "\"Image_Class_SUI/Preview Content\"";
				DEVELOPMENT_TEAM = 6JD548BN3B;
				ENABLE_PREVIEWS = YES;
				GENERATE_INFOPLIST_FILE = YES;
				INFOPLIST_KEY_NSCameraUsageDescription = "\"The app uses the camera to identify objects\"";
				INFOPLIST_KEY_UIApplicationSceneManifest_Generation = YES;
				INFOPLIST_KEY_UIApplicationSupportsIndirectInputEvents = YES;
				INFOPLIST_KEY_UILaunchScreen_Generation = YES;
				INFOPLIST_KEY_UISupportedInterfaceOrientations_iPad = "UIInterfaceOrientationPortrait UIInterfaceOrientationPortraitUpsideDown UIInterfaceOrientationLandscapeLeft UIInterfaceOrientationLandscapeRight";
				INFOPLIST_KEY_UISupportedInterfaceOrientations_iPhone = "UIInterfaceOrientationPortrait UIInterfaceOrientationLandscapeLeft UIInterfaceOrientationLandscapeRight";
				LD_RUNPATH_SEARCH_PATHS = (
					"$(inherited)",
					"@executable_path/Frameworks",
				);
				MARKETING_VERSION = 1.0;
				PRODUCT_BUNDLE_IDENTIFIER = "com.BulldogVenturesInc.Image-Class-SUI";
				PRODUCT_NAME = "$(TARGET_NAME)";
				SWIFT_EMIT_LOC_STRINGS = YES;
				SWIFT_VERSION = 5.0;
				TARGETED_DEVICE_FAMILY = "1,2";
			};
			name = Release;
		};
		794C0F032C0CAE5B00404050 /* Debug */ = {
			isa = XCBuildConfiguration;
			buildSettings = {
				ALWAYS_EMBED_SWIFT_STANDARD_LIBRARIES = YES;
				BUNDLE_LOADER = "$(TEST_HOST)";
				CODE_SIGN_STYLE = Automatic;
				CURRENT_PROJECT_VERSION = 1;
				DEVELOPMENT_TEAM = 6JD548BN3B;
				GENERATE_INFOPLIST_FILE = YES;
				IPHONEOS_DEPLOYMENT_TARGET = 17.5;
				MARKETING_VERSION = 1.0;
				PRODUCT_BUNDLE_IDENTIFIER = "com.BulldogVenturesInc.Image-Class-SUITests";
				PRODUCT_NAME = "$(TARGET_NAME)";
				SWIFT_EMIT_LOC_STRINGS = NO;
				SWIFT_VERSION = 5.0;
				TARGETED_DEVICE_FAMILY = "1,2";
				TEST_HOST = "$(BUILT_PRODUCTS_DIR)/Image_Class_SUI.app/$(BUNDLE_EXECUTABLE_FOLDER_PATH)/Image_Class_SUI";
			};
			name = Debug;
		};
		794C0F042C0CAE5B00404050 /* Release */ = {
			isa = XCBuildConfiguration;
			buildSettings = {
				ALWAYS_EMBED_SWIFT_STANDARD_LIBRARIES = YES;
				BUNDLE_LOADER = "$(TEST_HOST)";
				CODE_SIGN_STYLE = Automatic;
				CURRENT_PROJECT_VERSION = 1;
				DEVELOPMENT_TEAM = 6JD548BN3B;
				GENERATE_INFOPLIST_FILE = YES;
				IPHONEOS_DEPLOYMENT_TARGET = 17.5;
				MARKETING_VERSION = 1.0;
				PRODUCT_BUNDLE_IDENTIFIER = "com.BulldogVenturesInc.Image-Class-SUITests";
				PRODUCT_NAME = "$(TARGET_NAME)";
				SWIFT_EMIT_LOC_STRINGS = NO;
				SWIFT_VERSION = 5.0;
				TARGETED_DEVICE_FAMILY = "1,2";
				TEST_HOST = "$(BUILT_PRODUCTS_DIR)/Image_Class_SUI.app/$(BUNDLE_EXECUTABLE_FOLDER_PATH)/Image_Class_SUI";
			};
			name = Release;
		};
		794C0F062C0CAE5B00404050 /* Debug */ = {
			isa = XCBuildConfiguration;
			buildSettings = {
				ALWAYS_EMBED_SWIFT_STANDARD_LIBRARIES = YES;
				CODE_SIGN_STYLE = Automatic;
				CURRENT_PROJECT_VERSION = 1;
				DEVELOPMENT_TEAM = 6JD548BN3B;
				GENERATE_INFOPLIST_FILE = YES;
				MARKETING_VERSION = 1.0;
				PRODUCT_BUNDLE_IDENTIFIER = "com.BulldogVenturesInc.Image-Class-SUIUITests";
				PRODUCT_NAME = "$(TARGET_NAME)";
				SWIFT_EMIT_LOC_STRINGS = NO;
				SWIFT_VERSION = 5.0;
				TARGETED_DEVICE_FAMILY = "1,2";
				TEST_TARGET_NAME = Image_Class_SUI;
			};
			name = Debug;
		};
		794C0F072C0CAE5B00404050 /* Release */ = {
			isa = XCBuildConfiguration;
			buildSettings = {
				ALWAYS_EMBED_SWIFT_STANDARD_LIBRARIES = YES;
				CODE_SIGN_STYLE = Automatic;
				CURRENT_PROJECT_VERSION = 1;
				DEVELOPMENT_TEAM = 6JD548BN3B;
				GENERATE_INFOPLIST_FILE = YES;
				MARKETING_VERSION = 1.0;
				PRODUCT_BUNDLE_IDENTIFIER = "com.BulldogVenturesInc.Image-Class-SUIUITests";
				PRODUCT_NAME = "$(TARGET_NAME)";
				SWIFT_EMIT_LOC_STRINGS = NO;
				SWIFT_VERSION = 5.0;
				TARGETED_DEVICE_FAMILY = "1,2";
				TEST_TARGET_NAME = Image_Class_SUI;
			};
			name = Release;
		};
/* End XCBuildConfiguration section */

/* Begin XCConfigurationList section */
		794C0ED62C0CAE5A00404050 /* Build configuration list for PBXProject "Image_Class_SUI" */ = {
			isa = XCConfigurationList;
			buildConfigurations = (
				794C0EFD2C0CAE5B00404050 /* Debug */,
				794C0EFE2C0CAE5B00404050 /* Release */,
			);
			defaultConfigurationIsVisible = 0;
			defaultConfigurationName = Release;
		};
		794C0EFF2C0CAE5B00404050 /* Build configuration list for PBXNativeTarget "Image_Class_SUI" */ = {
			isa = XCConfigurationList;
			buildConfigurations = (
				794C0F002C0CAE5B00404050 /* Debug */,
				794C0F012C0CAE5B00404050 /* Release */,
			);
			defaultConfigurationIsVisible = 0;
			defaultConfigurationName = Release;
		};
		794C0F022C0CAE5B00404050 /* Build configuration list for PBXNativeTarget "Image_Class_SUITests" */ = {
			isa = XCConfigurationList;
			buildConfigurations = (
				794C0F032C0CAE5B00404050 /* Debug */,
				794C0F042C0CAE5B00404050 /* Release */,
			);
			defaultConfigurationIsVisible = 0;
			defaultConfigurationName = Release;
		};
		794C0F052C0CAE5B00404050 /* Build configuration list for PBXNativeTarget "Image_Class_SUIUITests" */ = {
			isa = XCConfigurationList;
			buildConfigurations = (
				794C0F062C0CAE5B00404050 /* Debug */,
				794C0F072C0CAE5B00404050 /* Release */,
			);
			defaultConfigurationIsVisible = 0;
			defaultConfigurationName = Release;
		};
/* End XCConfigurationList section */
	};
	rootObject = 794C0ED32C0CAE5A00404050 /* Project object */;
}
